
Microsoft Visual Studio Solution File, Format Version 12.00
# Visual Studio Version 17
VisualStudioVersion = 17.11.35219.272
MinimumVisualStudioVersion = 10.0.40219.1
Project("{FAE04EC0-301F-11D3-BF4B-00C04F79EFBC}") = "SuperSimplreProject", "SuperSimplreProject\SuperSimplreProject.csproj", "{BA74245F-9EFF-4EA3-A462-7907EDEF5681}"
EndProject
Global
	GlobalSection(SolutionConfigurationPlatforms) = preSolution
		Debug|Any CPU = Debug|Any CPU
		Release|Any CPU = Release|Any CPU
	EndGlobalSection
	GlobalSection(ProjectConfigurationPlatforms) = postSolution
		{BA74245F-9EFF-4EA3-A462-7907EDEF5681}.Debug|Any CPU.ActiveCfg = Debug|Any CPU
		{BA74245F-9EFF-4EA3-A462-7907EDEF5681}.Debug|Any CPU.Build.0 = Debug|Any CPU
		{BA74245F-9EFF-4EA3-A462-7907EDEF5681}.Release|Any CPU.ActiveCfg = Release|Any CPU
		{BA74245F-9EFF-4EA3-A462-7907EDEF5681}.Release|Any CPU.Build.0 = Release|Any CPU
	EndGlobalSection
	GlobalSection(SolutionProperties) = preSolution
		HideSolutionNode = FALSE
	EndGlobalSection
	GlobalSection(ExtensibilityGlobals) = postSolution
		SolutionGuid = {1813CB24-DE9B-40E4-AE21-055FBA3A4829}
	EndGlobalSection
EndGlobal
